{
  "object": {
    "pins": [
      {
        "package": "BirdbrainBLE",
        "repositoryURL": "git@github.com:chrisbartley/BirdbrainBLE.git",
        "state": {
          "branch": "master",
          "revision": "30c523ed0bb8adcaa79bb9df3450e65e26604f21",
          "version": null
        }
      },
      {
        "package": "BuzzBLE",
        "repositoryURL": "git@github.com:chrisbartley/BuzzBLE.git",
        "state": {
          "branch": "master",
          "revision": "2a6dff2bd987a909387507fbffdff5ee476cf26f",
          "version": null
        }
      }
    ]
  },
  "version": 1
}
